
Microsoft Visual Studio Solution File, Format Version 12.00
# Visual Studio Version 17
VisualStudioVersion = 17.0.31903.59
MinimumVisualStudioVersion = 10.0.40219.1
Project("{2150E333-8FDC-42A3-9474-1A3956D46DE8}") = "src", "src", "{E190DC58-6ED9-4CA3-B31B-4DC819061600}"
EndProject
Project("{9A19103F-16F7-4668-BE54-9A1E7A4F7556}") = "dotnet-user.Domain", "src\dotnet-user-api.Domain\dotnet-user.Domain.csproj", "{272BCCB0-2AE8-4B45-AD78-DE6A3DE7B404}"
EndProject
Project("{9A19103F-16F7-4668-BE54-9A1E7A4F7556}") = "dotnet-user.Application", "src\dotnet-user-api.Application\dotnet-user.Application.csproj", "{E1A06620-46C4-4E38-A7FB-163822824BFF}"
EndProject
Project("{9A19103F-16F7-4668-BE54-9A1E7A4F7556}") = "dotnet-user.Infrastructure", "src\dotnet-user-api.Infrastructure\dotnet-user.Infrastructure.csproj", "{F243B8A6-8584-49F6-9752-82D5419600A7}"
EndProject
Project("{FAE04EC0-301F-11D3-BF4B-00C04F79EFBC}") = "dotnet-user.WebApi", "src\dotnet-user.WebApi\dotnet-user.WebApi.csproj", "{503E9B8B-E5BF-45C9-A6D9-DCB693840D24}"
EndProject
Project("{2150E333-8FDC-42A3-9474-1A3956D46DE8}") = "tests", "tests", "{62688AE8-2CE6-483C-B322-BFE14CB3F046}"
EndProject
Project("{FAE04EC0-301F-11D3-BF4B-00C04F79EFBC}") = "Application.UnitTests", "tests\Application.UnitTests\Application.UnitTests.csproj", "{007DA75B-60E0-458C-863F-D51B8A7FEA62}"
EndProject
Global
	GlobalSection(SolutionConfigurationPlatforms) = preSolution
		Debug|Any CPU = Debug|Any CPU
		Release|Any CPU = Release|Any CPU
	EndGlobalSection
	GlobalSection(ProjectConfigurationPlatforms) = postSolution
		{272BCCB0-2AE8-4B45-AD78-DE6A3DE7B404}.Debug|Any CPU.ActiveCfg = Debug|Any CPU
		{272BCCB0-2AE8-4B45-AD78-DE6A3DE7B404}.Debug|Any CPU.Build.0 = Debug|Any CPU
		{272BCCB0-2AE8-4B45-AD78-DE6A3DE7B404}.Release|Any CPU.ActiveCfg = Release|Any CPU
		{272BCCB0-2AE8-4B45-AD78-DE6A3DE7B404}.Release|Any CPU.Build.0 = Release|Any CPU
		{E1A06620-46C4-4E38-A7FB-163822824BFF}.Debug|Any CPU.ActiveCfg = Debug|Any CPU
		{E1A06620-46C4-4E38-A7FB-163822824BFF}.Debug|Any CPU.Build.0 = Debug|Any CPU
		{E1A06620-46C4-4E38-A7FB-163822824BFF}.Release|Any CPU.ActiveCfg = Release|Any CPU
		{E1A06620-46C4-4E38-A7FB-163822824BFF}.Release|Any CPU.Build.0 = Release|Any CPU
		{F243B8A6-8584-49F6-9752-82D5419600A7}.Debug|Any CPU.ActiveCfg = Debug|Any CPU
		{F243B8A6-8584-49F6-9752-82D5419600A7}.Debug|Any CPU.Build.0 = Debug|Any CPU
		{F243B8A6-8584-49F6-9752-82D5419600A7}.Release|Any CPU.ActiveCfg = Release|Any CPU
		{F243B8A6-8584-49F6-9752-82D5419600A7}.Release|Any CPU.Build.0 = Release|Any CPU
		{503E9B8B-E5BF-45C9-A6D9-DCB693840D24}.Debug|Any CPU.ActiveCfg = Debug|Any CPU
		{503E9B8B-E5BF-45C9-A6D9-DCB693840D24}.Debug|Any CPU.Build.0 = Debug|Any CPU
		{503E9B8B-E5BF-45C9-A6D9-DCB693840D24}.Release|Any CPU.ActiveCfg = Release|Any CPU
		{503E9B8B-E5BF-45C9-A6D9-DCB693840D24}.Release|Any CPU.Build.0 = Release|Any CPU
		{007DA75B-60E0-458C-863F-D51B8A7FEA62}.Debug|Any CPU.ActiveCfg = Debug|Any CPU
		{007DA75B-60E0-458C-863F-D51B8A7FEA62}.Debug|Any CPU.Build.0 = Debug|Any CPU
		{007DA75B-60E0-458C-863F-D51B8A7FEA62}.Release|Any CPU.ActiveCfg = Release|Any CPU
		{007DA75B-60E0-458C-863F-D51B8A7FEA62}.Release|Any CPU.Build.0 = Release|Any CPU
	EndGlobalSection
	GlobalSection(SolutionProperties) = preSolution
		HideSolutionNode = FALSE
	EndGlobalSection
	GlobalSection(NestedProjects) = preSolution
		{272BCCB0-2AE8-4B45-AD78-DE6A3DE7B404} = {E190DC58-6ED9-4CA3-B31B-4DC819061600}
		{E1A06620-46C4-4E38-A7FB-163822824BFF} = {E190DC58-6ED9-4CA3-B31B-4DC819061600}
		{F243B8A6-8584-49F6-9752-82D5419600A7} = {E190DC58-6ED9-4CA3-B31B-4DC819061600}
		{503E9B8B-E5BF-45C9-A6D9-DCB693840D24} = {E190DC58-6ED9-4CA3-B31B-4DC819061600}
		{007DA75B-60E0-458C-863F-D51B8A7FEA62} = {62688AE8-2CE6-483C-B322-BFE14CB3F046}
	EndGlobalSection
	GlobalSection(ExtensibilityGlobals) = postSolution
		SolutionGuid = {E3A3CEB0-9AB6-4843-8453-BC26ADD3CF71}
	EndGlobalSection
EndGlobal
